
Microsoft Visual Studio Solution File, Format Version 12.00
# Visual Studio Version 17
VisualStudioVersion = 17.8.34330.188
MinimumVisualStudioVersion = 10.0.40219.1
Project("{9A19103F-16F7-4668-BE54-9A1E7A4F7556}") = "GloBus-backend", "GloBus-backend\GloBus-backend.csproj", "{0D977CFF-85E9-483A-A01B-D39653B677C0}"
EndProject
Project("{FAE04EC0-301F-11D3-BF4B-00C04F79EFBC}") = "GloBus.Data", "GloBus.Data\GloBus.Data.csproj", "{7B27E7B8-D947-4011-AFE3-7D58FDC49636}"
EndProject
Project("{FAE04EC0-301F-11D3-BF4B-00C04F79EFBC}") = "GloBus.Infrastructure", "GloBus.Infrastructure\GloBus.Infrastructure.csproj", "{BCF4A7FE-1B0B-46E5-9783-BBEC42ED40F8}"
EndProject
Global
	GlobalSection(SolutionConfigurationPlatforms) = preSolution
		Debug|Any CPU = Debug|Any CPU
		Release|Any CPU = Release|Any CPU
	EndGlobalSection
	GlobalSection(ProjectConfigurationPlatforms) = postSolution
		{0D977CFF-85E9-483A-A01B-D39653B677C0}.Debug|Any CPU.ActiveCfg = Debug|Any CPU
		{0D977CFF-85E9-483A-A01B-D39653B677C0}.Debug|Any CPU.Build.0 = Debug|Any CPU
		{0D977CFF-85E9-483A-A01B-D39653B677C0}.Release|Any CPU.ActiveCfg = Release|Any CPU
		{0D977CFF-85E9-483A-A01B-D39653B677C0}.Release|Any CPU.Build.0 = Release|Any CPU
		{7B27E7B8-D947-4011-AFE3-7D58FDC49636}.Debug|Any CPU.ActiveCfg = Debug|Any CPU
		{7B27E7B8-D947-4011-AFE3-7D58FDC49636}.Debug|Any CPU.Build.0 = Debug|Any CPU
		{7B27E7B8-D947-4011-AFE3-7D58FDC49636}.Release|Any CPU.ActiveCfg = Release|Any CPU
		{7B27E7B8-D947-4011-AFE3-7D58FDC49636}.Release|Any CPU.Build.0 = Release|Any CPU
		{BCF4A7FE-1B0B-46E5-9783-BBEC42ED40F8}.Debug|Any CPU.ActiveCfg = Debug|Any CPU
		{BCF4A7FE-1B0B-46E5-9783-BBEC42ED40F8}.Debug|Any CPU.Build.0 = Debug|Any CPU
		{BCF4A7FE-1B0B-46E5-9783-BBEC42ED40F8}.Release|Any CPU.ActiveCfg = Release|Any CPU
		{BCF4A7FE-1B0B-46E5-9783-BBEC42ED40F8}.Release|Any CPU.Build.0 = Release|Any CPU
	EndGlobalSection
	GlobalSection(SolutionProperties) = preSolution
		HideSolutionNode = FALSE
	EndGlobalSection
	GlobalSection(ExtensibilityGlobals) = postSolution
		SolutionGuid = {77CB1AFC-6A8E-4F85-BE72-58FBBB7C4626}
	EndGlobalSection
EndGlobal
